
Microsoft Visual Studio Solution File, Format Version 12.00
# Visual Studio 2017
Project("{FAE04EC0-301F-11D3-BF4B-00C04F79EFBC}") = "Crossroads.Service.Auth", "Crossroads.Service.Auth\Crossroads.Service.Auth.csproj", "{4D669EF4-AF9F-4B5E-A8CC-97958DE2A390}"
EndProject
Project("{FAE04EC0-301F-11D3-BF4B-00C04F79EFBC}") = "Crossroads.Service.Auth.Test", "Crossroads.Service.Auth.Test\Crossroads.Service.Auth.Test.csproj", "{A9385AE1-D31A-407F-B478-03BB5A8FECD7}"
EndProject
Global
	GlobalSection(SolutionConfigurationPlatforms) = preSolution
		Debug|Any CPU = Debug|Any CPU
		Release|Any CPU = Release|Any CPU
	EndGlobalSection
	GlobalSection(ProjectConfigurationPlatforms) = postSolution
		{4D669EF4-AF9F-4B5E-A8CC-97958DE2A390}.Debug|Any CPU.ActiveCfg = Debug|Any CPU
		{4D669EF4-AF9F-4B5E-A8CC-97958DE2A390}.Debug|Any CPU.Build.0 = Debug|Any CPU
		{4D669EF4-AF9F-4B5E-A8CC-97958DE2A390}.Release|Any CPU.ActiveCfg = Release|Any CPU
		{4D669EF4-AF9F-4B5E-A8CC-97958DE2A390}.Release|Any CPU.Build.0 = Release|Any CPU
		{A9385AE1-D31A-407F-B478-03BB5A8FECD7}.Debug|Any CPU.ActiveCfg = Debug|Any CPU
		{A9385AE1-D31A-407F-B478-03BB5A8FECD7}.Debug|Any CPU.Build.0 = Debug|Any CPU
		{A9385AE1-D31A-407F-B478-03BB5A8FECD7}.Release|Any CPU.ActiveCfg = Release|Any CPU
		{A9385AE1-D31A-407F-B478-03BB5A8FECD7}.Release|Any CPU.Build.0 = Release|Any CPU
	EndGlobalSection
EndGlobal
